lockfileVersion: '9.0'

settings:
  autoInstallPeers: true
  excludeLinksFromLockfile: false

importers:

  .:
    dependencies:
      chalk:
        specifier: ^5.6.2
        version: 5.6.2
      commander:
        specifier: ^14.0.3
        version: 14.0.3
      env-paths:
        specifier: ^4.0.0
        version: 4.0.0
      inquirer:
        specifier: ^13.3.2
        version: 13.3.2(@types/node@24.12.0)
      keypress:
        specifier: ^0.2.1
        version: 0.2.1
      nanospinner:
        specifier: ^1.2.2
        version: 1.2.2
      semver:
        specifier: ^7.7.4
        version: 7.7.4
      undici:
        specifier: ^7.24.4
        version: 7.24.4
    devDependencies:
      '@types/inquirer':
        specifier: ^9.0.9
        version: 9.0.9
      '@types/keypress.js':
        specifier: ^2.1.3
        version: 2.1.3
      '@types/node':
        specifier: ^24.12.0
        version: 24.12.0
      '@types/semver':
        specifier: ^7.7.1
        version: 7.7.1
      '@vitest/coverage-v8':
        specifier: ^4.1.0
        version: 4.1.0(vitest@4.1.0(@types/node@24.12.0)(vite@7.3.1(@types/node@24.12.0)))
      prettier:
        specifier: ^3.8.1
        version: 3.8.1
      typescript:
        specifier: ^5.9.3
        version: 5.9.3
      vitest:
        specifier: ^4.1.0
        version: 4.1.0(@types/node@24.12.0)(vite@7.3.1(@types/node@24.12.0))

packages:

  '@babel/helper-string-parser@7.27.1':
    resolution: {integrity: sha512-qMlSxKbpRlAridDExk92nSobyDdpPijUq2DW6oDnUqd0iOGxmQjyqhMIihI9+zv4LPyZdRje2cavWPbCbWm3eA==}
    engines: {node: '>=6.9.0'}

  '@babel/helper-validator-identifier@7.28.5':
    resolution: {integrity: sha512-qSs4ifwzKJSV39ucNjsvc6WVHs6b7S03sOh2OcHF9UHfVPqWWALUsNUVzhSBiItjRZoLHx7nIarVjqKVusUZ1Q==}
    engines: {node: '>=6.9.0'}

  '@babel/parser@7.29.2':
    resolution: {integrity: sha512-4GgRzy/+fsBa72/RZVJmGKPmZu9Byn8o4MoLpmNe1m8ZfYnz5emHLQz3U4gLud6Zwl0RZIcgiLD7Uq7ySFuDLA==}
    engines: {node: '>=6.0.0'}
    hasBin: true

  '@babel/types@7.29.0':
    resolution: {integrity: sha512-LwdZHpScM4Qz8Xw2iKSzS+cfglZzJGvofQICy7W7v4caru4EaAmyUuO6BGrbyQ2mYV11W0U8j5mBhd14dd3B0A==}
    engines: {node: '>=6.9.0'}

  '@bcoe/v8-coverage@1.0.2':
    resolution: {integrity: sha512-6zABk/ECA/QYSCQ1NGiVwwbQerUCZ+TQbp64Q3AgmfNvurHH0j8TtXa1qbShXA6qqkpAj4V5W8pP6mLe1mcMqA==}
    engines: {node: '>=18'}

  '@esbuild/aix-ppc64@0.27.2':
    resolution: {integrity: sha512-GZMB+a0mOMZs4MpDbj8RJp4cw+w1WV5NYD6xzgvzUJ5Ek2jerwfO2eADyI6ExDSUED+1X8aMbegahsJi+8mgpw==}
    engines: {node: '>=18'}
    cpu: [ppc64]
    os: [aix]

  '@esbuild/android-arm64@0.27.2':
    resolution: {integrity: sha512-pvz8ZZ7ot/RBphf8fv60ljmaoydPU12VuXHImtAs0XhLLw+EXBi2BLe3OYSBslR4rryHvweW5gmkKFwTiFy6KA==}
    engines: {node: '>=18'}
    cpu: [arm64]
    os: [android]

  '@esbuild/android-arm@0.27.2':
    resolution: {integrity: sha512-DVNI8jlPa7Ujbr1yjU2PfUSRtAUZPG9I1RwW4F4xFB1Imiu2on0ADiI/c3td+KmDtVKNbi+nffGDQMfcIMkwIA==}
    engines: {node: '>=18'}
    cpu: [arm]
    os: [android]

  '@esbuild/android-x64@0.27.2':
    resolution: {integrity: sha512-z8Ank4Byh4TJJOh4wpz8g2vDy75zFL0TlZlkUkEwYXuPSgX8yzep596n6mT7905kA9uHZsf/o2OJZubl2l3M7A==}
    engines: {node: '>=18'}
    cpu: [x64]
    os: [android]

  '@esbuild/darwin-arm64@0.27.2':
    resolution: {integrity: sha512-davCD2Zc80nzDVRwXTcQP/28fiJbcOwvdolL0sOiOsbwBa72kegmVU0Wrh1MYrbuCL98Omp5dVhQFWRKR2ZAlg==}
    engines: {node: '>=18'}
    cpu: [arm64]
    os: [darwin]

  '@esbuild/darwin-x64@0.27.2':
    resolution: {integrity: sha512-ZxtijOmlQCBWGwbVmwOF/UCzuGIbUkqB1faQRf5akQmxRJ1ujusWsb3CVfk/9iZKr2L5SMU5wPBi1UWbvL+VQA==}
    engines: {node: '>=18'}
    cpu: [x64]
    os: [darwin]

  '@esbuild/freebsd-arm64@0.27.2':
    resolution: {integrity: sha512-lS/9CN+rgqQ9czogxlMcBMGd+l8Q3Nj1MFQwBZJyoEKI50XGxwuzznYdwcav6lpOGv5BqaZXqvBSiB/kJ5op+g==}
    engines: {node: '>=18'}
    cpu: [arm64]
    os: [freebsd]

  '@esbuild/freebsd-x64@0.27.2':
    resolution: {integrity: sha512-tAfqtNYb4YgPnJlEFu4c212HYjQWSO/w/h/lQaBK7RbwGIkBOuNKQI9tqWzx7Wtp7bTPaGC6MJvWI608P3wXYA==}
    engines: {node: '>=18'}
    cpu: [x64]
    os: [freebsd]

  '@esbuild/linux-arm64@0.27.2':
    resolution: {integrity: sha512-hYxN8pr66NsCCiRFkHUAsxylNOcAQaxSSkHMMjcpx0si13t1LHFphxJZUiGwojB1a/Hd5OiPIqDdXONia6bhTw==}
    engines: {node: '>=18'}
    cpu: [arm64]
    os: [linux]

  '@esbuild/linux-arm@0.27.2':
    resolution: {integrity: sha512-vWfq4GaIMP9AIe4yj1ZUW18RDhx6EPQKjwe7n8BbIecFtCQG4CfHGaHuh7fdfq+y3LIA2vGS/o9ZBGVxIDi9hw==}
    engines: {node: '>=18'}
    cpu: [arm]
    os: [linux]

  '@esbuild/linux-ia32@0.27.2':
    resolution: {integrity: sha512-MJt5BRRSScPDwG2hLelYhAAKh9imjHK5+NE/tvnRLbIqUWa+0E9N4WNMjmp/kXXPHZGqPLxggwVhz7QP8CTR8w==}
    engines: {node: '>=18'}
    cpu: [ia32]
    os: [linux]

  '@esbuild/linux-loong64@0.27.2':
    resolution: {integrity: sha512-lugyF1atnAT463aO6KPshVCJK5NgRnU4yb3FUumyVz+cGvZbontBgzeGFO1nF+dPueHD367a2ZXe1NtUkAjOtg==}
    engines: {node: '>=18'}
    cpu: [loong64]
    os: [linux]

  '@esbuild/linux-mips64el@0.27.2':
    resolution: {integrity: sha512-nlP2I6ArEBewvJ2gjrrkESEZkB5mIoaTswuqNFRv/WYd+ATtUpe9Y09RnJvgvdag7he0OWgEZWhviS1OTOKixw==}
    engines: {node: '>=18'}
    cpu: [mips64el]
    os: [linux]

  '@esbuild/linux-ppc64@0.27.2':
    resolution: {integrity: sha512-C92gnpey7tUQONqg1n6dKVbx3vphKtTHJaNG2Ok9lGwbZil6DrfyecMsp9CrmXGQJmZ7iiVXvvZH6Ml5hL6XdQ==}
    engines: {node: '>=18'}
    cpu: [ppc64]
    os: [linux]

  '@esbuild/linux-riscv64@0.27.2':
    resolution: {integrity: sha512-B5BOmojNtUyN8AXlK0QJyvjEZkWwy/FKvakkTDCziX95AowLZKR6aCDhG7LeF7uMCXEJqwa8Bejz5LTPYm8AvA==}
    engines: {node: '>=18'}
    cpu: [riscv64]
    os: [linux]

  '@esbuild/linux-s390x@0.27.2':
    resolution: {integrity: sha512-p4bm9+wsPwup5Z8f4EpfN63qNagQ47Ua2znaqGH6bqLlmJ4bx97Y9JdqxgGZ6Y8xVTixUnEkoKSHcpRlDnNr5w==}
    engines: {node: '>=18'}
    cpu: [s390x]
    os: [linux]

  '@esbuild/linux-x64@0.27.2':
    resolution: {integrity: sha512-uwp2Tip5aPmH+NRUwTcfLb+W32WXjpFejTIOWZFw/v7/KnpCDKG66u4DLcurQpiYTiYwQ9B7KOeMJvLCu/OvbA==}
    engines: {node: '>=18'}
    cpu: [x64]
    os: [linux]

  '@esbuild/netbsd-arm64@0.27.2':
    resolution: {integrity: sha512-Kj6DiBlwXrPsCRDeRvGAUb/LNrBASrfqAIok+xB0LxK8CHqxZ037viF13ugfsIpePH93mX7xfJp97cyDuTZ3cw==}
    engines: {node: '>=18'}
    cpu: [arm64]
    os: [netbsd]

  '@esbuild/netbsd-x64@0.27.2':
    resolution: {integrity: sha512-HwGDZ0VLVBY3Y+Nw0JexZy9o/nUAWq9MlV7cahpaXKW6TOzfVno3y3/M8Ga8u8Yr7GldLOov27xiCnqRZf0tCA==}
    engines: {node: '>=18'}
    cpu: [x64]
    os: [netbsd]

  '@esbuild/openbsd-arm64@0.27.2':
    resolution: {integrity: sha512-DNIHH2BPQ5551A7oSHD0CKbwIA/Ox7+78/AWkbS5QoRzaqlev2uFayfSxq68EkonB+IKjiuxBFoV8ESJy8bOHA==}
    engines: {node: '>=18'}
    cpu: [arm64]
    os: [openbsd]

  '@esbuild/openbsd-x64@0.27.2':
    resolution: {integrity: sha512-/it7w9Nb7+0KFIzjalNJVR5bOzA9Vay+yIPLVHfIQYG/j+j9VTH84aNB8ExGKPU4AzfaEvN9/V4HV+F+vo8OEg==}
    engines: {node: '>=18'}
    cpu: [x64]
    os: [openbsd]

  '@esbuild/openharmony-arm64@0.27.2':
    resolution: {integrity: sha512-LRBbCmiU51IXfeXk59csuX/aSaToeG7w48nMwA6049Y4J4+VbWALAuXcs+qcD04rHDuSCSRKdmY63sruDS5qag==}
    engines: {node: '>=18'}
    cpu: [arm64]
    os: [openharmony]

  '@esbuild/sunos-x64@0.27.2':
    resolution: {integrity: sha512-kMtx1yqJHTmqaqHPAzKCAkDaKsffmXkPHThSfRwZGyuqyIeBvf08KSsYXl+abf5HDAPMJIPnbBfXvP2ZC2TfHg==}
    engines: {node: '>=18'}
    cpu: [x64]
    os: [sunos]

  '@esbuild/win32-arm64@0.27.2':
    resolution: {integrity: sha512-Yaf78O/B3Kkh+nKABUF++bvJv5Ijoy9AN1ww904rOXZFLWVc5OLOfL56W+C8F9xn5JQZa3UX6m+IktJnIb1Jjg==}
    engines: {node: '>=18'}
    cpu: [arm64]
    os: [win32]

  '@esbuild/win32-ia32@0.27.2':
    resolution: {integrity: sha512-Iuws0kxo4yusk7sw70Xa2E2imZU5HoixzxfGCdxwBdhiDgt9vX9VUCBhqcwY7/uh//78A1hMkkROMJq9l27oLQ==}
    engines: {node: '>=18'}
    cpu: [ia32]
    os: [win32]

  '@esbuild/win32-x64@0.27.2':
    resolution: {integrity: sha512-sRdU18mcKf7F+YgheI/zGf5alZatMUTKj/jNS6l744f9u3WFu4v7twcUI9vu4mknF4Y9aDlblIie0IM+5xxaqQ==}
    engines: {node: '>=18'}
    cpu: [x64]
    os: [win32]

  '@inquirer/ansi@2.0.4':
    resolution: {integrity: sha512-DpcZrQObd7S0R/U3bFdkcT5ebRwbTTC4D3tCc1vsJizmgPLxNJBo+AAFmrZwe8zk30P2QzgzGWZ3Q9uJwWuhIg==}
    engines: {node: '>=23.5.0 || ^22.13.0 || ^21.7.0 || ^20.12.0'}

  '@inquirer/checkbox@5.1.2':
    resolution: {integrity: sha512-PubpMPO2nJgMufkoB3P2wwxNXEMUXnBIKi/ACzDUYfaoPuM7gSTmuxJeMscoLVEsR4qqrCMf5p0SiYGWnVJ8kw==}
    engines: {node: '>=23.5.0 || ^22.13.0 || ^21.7.0 || ^20.12.0'}
    peerDependencies:
      '@types/node': '>=18'
    peerDependenciesMeta:
      '@types/node':
        optional: true

  '@inquirer/confirm@6.0.10':
    resolution: {integrity: sha512-tiNyA73pgpQ0FQ7axqtoLUe4GDYjNCDcVsbgcA5anvwg2z6i+suEngLKKJrWKJolT//GFPZHwN30binDIHgSgQ==}
    engines: {node: '>=23.5.0 || ^22.13.0 || ^21.7.0 || ^20.12.0'}
    peerDependencies:
      '@types/node': '>=18'
    peerDependenciesMeta:
      '@types/node':
        optional: true

  '@inquirer/core@11.1.7':
    resolution: {integrity: sha512-1BiBNDk9btIwYIzNZpkikIHXWeNzNncJePPqwDyVMhXhD1ebqbpn1mKGctpoqAbzywZfdG0O4tvmsGIcOevAPQ==}
    engines: {node: '>=23.5.0 || ^22.13.0 || ^21.7.0 || ^20.12.0'}
    peerDependencies:
      '@types/node': '>=18'
    peerDependenciesMeta:
      '@types/node':
        optional: true

  '@inquirer/editor@5.0.10':
    resolution: {integrity: sha512-VJx4XyaKea7t8hEApTw5dxeIyMtWXre2OiyJcICCRZI4hkoHsMoCnl/KbUnJJExLbH9csLLHMVR144ZhFE1CwA==}
    engines: {node: '>=23.5.0 || ^22.13.0 || ^21.7.0 || ^20.12.0'}
    peerDependencies:
      '@types/node': '>=18'
    peerDependenciesMeta:
      '@types/node':
        optional: true

  '@inquirer/expand@5.0.10':
    resolution: {integrity: sha512-fC0UHJPXsTRvY2fObiwuQYaAnHrp3aDqfwKUJSdfpgv18QUG054ezGbaRNStk/BKD5IPijeMKWej8VV8O5Q/eQ==}
    engines: {node: '>=23.5.0 || ^22.13.0 || ^21.7.0 || ^20.12.0'}
    peerDependencies:
      '@types/node': '>=18'
    peerDependenciesMeta:
      '@types/node':
        optional: true

  '@inquirer/external-editor@2.0.4':
    resolution: {integrity: sha512-Prenuv9C1PHj2Itx0BcAOVBTonz02Hc2Nd2DbU67PdGUaqn0nPCnV34oDyyoaZHnmfRxkpuhh/u51ThkrO+RdA==}
    engines: {node: '>=23.5.0 || ^22.13.0 || ^21.7.0 || ^20.12.0'}
    peerDependencies:
      '@types/node': '>=18'
    peerDependenciesMeta:
      '@types/node':
        optional: true

  '@inquirer/figures@2.0.4':
    resolution: {integrity: sha512-eLBsjlS7rPS3WEhmOmh1znQ5IsQrxWzxWDxO51e4urv+iVrSnIHbq4zqJIOiyNdYLa+BVjwOtdetcQx1lWPpiQ==}
    engines: {node: '>=23.5.0 || ^22.13.0 || ^21.7.0 || ^20.12.0'}

  '@inquirer/input@5.0.10':
    resolution: {integrity: sha512-nvZ6qEVeX/zVtZ1dY2hTGDQpVGD3R7MYPLODPgKO8Y+RAqxkrP3i/3NwF3fZpLdaMiNuK0z2NaYIx9tPwiSegQ==}
    engines: {node: '>=23.5.0 || ^22.13.0 || ^21.7.0 || ^20.12.0'}
    peerDependencies:
      '@types/node': '>=18'
    peerDependenciesMeta:
      '@types/node':
        optional: true

  '@inquirer/number@4.0.10':
    resolution: {integrity: sha512-Ht8OQstxiS3APMGjHV0aYAjRAysidWdwurWEo2i8yI5xbhOBWqizT0+MU1S2GCcuhIBg+3SgWVjEoXgfhY+XaA==}
    engines: {node: '>=23.5.0 || ^22.13.0 || ^21.7.0 || ^20.12.0'}
    peerDependencies:
      '@types/node': '>=18'
    peerDependenciesMeta:
      '@types/node':
        optional: true

  '@inquirer/password@5.0.10':
    resolution: {integrity: sha512-QbNyvIE8q2GTqKLYSsA8ATG+eETo+m31DSR0+AU7x3d2FhaTWzqQek80dj3JGTo743kQc6mhBR0erMjYw5jQ0A==}
    engines: {node: '>=23.5.0 || ^22.13.0 || ^21.7.0 || ^20.12.0'}
    peerDependencies:
      '@types/node': '>=18'
    peerDependenciesMeta:
      '@types/node':
        optional: true

  '@inquirer/prompts@8.3.2':
    resolution: {integrity: sha512-yFroiSj2iiBFlm59amdTvAcQFvWS6ph5oKESls/uqPBect7rTU2GbjyZO2DqxMGuIwVA8z0P4K6ViPcd/cp+0w==}
    engines: {node: '>=23.5.0 || ^22.13.0 || ^21.7.0 || ^20.12.0'}
    peerDependencies:
      '@types/node': '>=18'
    peerDependenciesMeta:
      '@types/node':
        optional: true

  '@inquirer/rawlist@5.2.6':
    resolution: {integrity: sha512-jfw0MLJ5TilNsa9zlJ6nmRM0ZFVZhhTICt4/6CU2Dv1ndY7l3sqqo1gIYZyMMDw0LvE1u1nzJNisfHEhJIxq5w==}
    engines: {node: '>=23.5.0 || ^22.13.0 || ^21.7.0 || ^20.12.0'}
    peerDependencies:
      '@types/node': '>=18'
    peerDependenciesMeta:
      '@types/node':
        optional: true

  '@inquirer/search@4.1.6':
    resolution: {integrity: sha512-3/6kTRae98hhDevENScy7cdFEuURnSpM3JbBNg8yfXLw88HgTOl+neUuy/l9W0No5NzGsLVydhBzTIxZP7yChQ==}
    engines: {node: '>=23.5.0 || ^22.13.0 || ^21.7.0 || ^20.12.0'}
    peerDependencies:
      '@types/node': '>=18'
    peerDependenciesMeta:
      '@types/node':
        optional: true

  '@inquirer/select@5.1.2':
    resolution: {integrity: sha512-kTK8YIkHV+f02y7bWCh7E0u2/11lul5WepVTclr3UMBtBr05PgcZNWfMa7FY57ihpQFQH/spLMHTcr0rXy50tA==}
    engines: {node: '>=23.5.0 || ^22.13.0 || ^21.7.0 || ^20.12.0'}
    peerDependencies:
      '@types/node': '>=18'
    peerDependenciesMeta:
      '@types/node':
        optional: true

  '@inquirer/type@4.0.4':
    resolution: {integrity: sha512-PamArxO3cFJZoOzspzo6cxVlLeIftyBsZw/S9bKY5DzxqJVZgjoj1oP8d0rskKtp7sZxBycsoer1g6UeJV1BBA==}
    engines: {node: '>=23.5.0 || ^22.13.0 || ^21.7.0 || ^20.12.0'}
    peerDependencies:
      '@types/node': '>=18'
    peerDependenciesMeta:
      '@types/node':
        optional: true

  '@jridgewell/resolve-uri@3.1.2':
    resolution: {integrity: sha512-bRISgCIjP20/tbWSPWMEi54QVPRZExkuD9lJL+UIxUKtwVJA8wW1Trb1jMs1RFXo1CBTNZ/5hpC9QvmKWdopKw==}
    engines: {node: '>=6.0.0'}

  '@jridgewell/sourcemap-codec@1.5.5':
    resolution: {integrity: sha512-cYQ9310grqxueWbl+WuIUIaiUaDcj7WOq5fVhEljNVgRfOUhY9fy2zTvfoqWsnebh8Sl70VScFbICvJnLKB0Og==}

  '@jridgewell/trace-mapping@0.3.31':
    resolution: {integrity: sha512-zzNR+SdQSDJzc8joaeP8QQoCQr8NuYx2dIIytl1QeBEZHJ9uW6hebsrYgbz8hJwUQao3TWCMtmfV8Nu1twOLAw==}

  '@rollup/rollup-android-arm-eabi@4.57.0':
    resolution: {integrity: sha512-tPgXB6cDTndIe1ah7u6amCI1T0SsnlOuKgg10Xh3uizJk4e5M1JGaUMk7J4ciuAUcFpbOiNhm2XIjP9ON0dUqA==}
    cpu: [arm]
    os: [android]

  '@rollup/rollup-android-arm64@4.57.0':
    resolution: {integrity: sha512-sa4LyseLLXr1onr97StkU1Nb7fWcg6niokTwEVNOO7awaKaoRObQ54+V/hrF/BP1noMEaaAW6Fg2d/CfLiq3Mg==}
    cpu: [arm64]
    os: [android]

  '@rollup/rollup-darwin-arm64@4.57.0':
    resolution: {integrity: sha512-/NNIj9A7yLjKdmkx5dC2XQ9DmjIECpGpwHoGmA5E1AhU0fuICSqSWScPhN1yLCkEdkCwJIDu2xIeLPs60MNIVg==}
    cpu: [arm64]
    os: [darwin]

  '@rollup/rollup-darwin-x64@4.57.0':
    resolution: {integrity: sha512-xoh8abqgPrPYPr7pTYipqnUi1V3em56JzE/HgDgitTqZBZ3yKCWI+7KUkceM6tNweyUKYru1UMi7FC060RyKwA==}
    cpu: [x64]
    os: [darwin]

  '@rollup/rollup-freebsd-arm64@4.57.0':
    resolution: {integrity: sha512-PCkMh7fNahWSbA0OTUQ2OpYHpjZZr0hPr8lId8twD7a7SeWrvT3xJVyza+dQwXSSq4yEQTMoXgNOfMCsn8584g==}
    cpu: [arm64]
    os: [freebsd]

  '@rollup/rollup-freebsd-x64@4.57.0':
    resolution: {integrity: sha512-1j3stGx+qbhXql4OCDZhnK7b01s6rBKNybfsX+TNrEe9JNq4DLi1yGiR1xW+nL+FNVvI4D02PUnl6gJ/2y6WJA==}
    cpu: [x64]
    os: [freebsd]

  '@rollup/rollup-linux-arm-gnueabihf@4.57.0':
    resolution: {integrity: sha512-eyrr5W08Ms9uM0mLcKfM/Uzx7hjhz2bcjv8P2uynfj0yU8GGPdz8iYrBPhiLOZqahoAMB8ZiolRZPbbU2MAi6Q==}
    cpu: [arm]
    os: [linux]
    libc: [glibc]

  '@rollup/rollup-linux-arm-musleabihf@4.57.0':
    resolution: {integrity: sha512-Xds90ITXJCNyX9pDhqf85MKWUI4lqjiPAipJ8OLp8xqI2Ehk+TCVhF9rvOoN8xTbcafow3QOThkNnrM33uCFQA==}
    cpu: [arm]
    os: [linux]
    libc: [musl]

  '@rollup/rollup-linux-arm64-gnu@4.57.0':
    resolution: {integrity: sha512-Xws2KA4CLvZmXjy46SQaXSejuKPhwVdaNinldoYfqruZBaJHqVo6hnRa8SDo9z7PBW5x84SH64+izmldCgbezw==}
    cpu: [arm64]
    os: [linux]
    libc: [glibc]

  '@rollup/rollup-linux-arm64-musl@4.57.0':
    resolution: {integrity: sha512-hrKXKbX5FdaRJj7lTMusmvKbhMJSGWJ+w++4KmjiDhpTgNlhYobMvKfDoIWecy4O60K6yA4SnztGuNTQF+Lplw==}
    cpu: [arm64]
    os: [linux]
    libc: [musl]

  '@rollup/rollup-linux-loong64-gnu@4.57.0':
    resolution: {integrity: sha512-6A+nccfSDGKsPm00d3xKcrsBcbqzCTAukjwWK6rbuAnB2bHaL3r9720HBVZ/no7+FhZLz/U3GwwZZEh6tOSI8Q==}
    cpu: [loong64]
    os: [linux]
    libc: [glibc]

  '@rollup/rollup-linux-loong64-musl@4.57.0':
    resolution: {integrity: sha512-4P1VyYUe6XAJtQH1Hh99THxr0GKMMwIXsRNOceLrJnaHTDgk1FTcTimDgneRJPvB3LqDQxUmroBclQ1S0cIJwQ==}
    cpu: [loong64]
    os: [linux]
    libc: [musl]

  '@rollup/rollup-linux-ppc64-gnu@4.57.0':
    resolution: {integrity: sha512-8Vv6pLuIZCMcgXre6c3nOPhE0gjz1+nZP6T+hwWjr7sVH8k0jRkH+XnfjjOTglyMBdSKBPPz54/y1gToSKwrSQ==}
    cpu: [ppc64]
    os: [linux]
    libc: [glibc]

  '@rollup/rollup-linux-ppc64-musl@4.57.0':
    resolution: {integrity: sha512-r1te1M0Sm2TBVD/RxBPC6RZVwNqUTwJTA7w+C/IW5v9Ssu6xmxWEi+iJQlpBhtUiT1raJ5b48pI8tBvEjEFnFA==}
    cpu: [ppc64]
    os: [linux]
    libc: [musl]

  '@rollup/rollup-linux-riscv64-gnu@4.57.0':
    resolution: {integrity: sha512-say0uMU/RaPm3CDQLxUUTF2oNWL8ysvHkAjcCzV2znxBr23kFfaxocS9qJm+NdkRhF8wtdEEAJuYcLPhSPbjuQ==}
    cpu: [riscv64]
    os: [linux]
    libc: [glibc]

  '@rollup/rollup-linux-riscv64-musl@4.57.0':
    resolution: {integrity: sha512-/MU7/HizQGsnBREtRpcSbSV1zfkoxSTR7wLsRmBPQ8FwUj5sykrP1MyJTvsxP5KBq9SyE6kH8UQQQwa0ASeoQQ==}
    cpu: [riscv64]
    os: [linux]
    libc: [musl]

  '@rollup/rollup-linux-s390x-gnu@4.57.0':
    resolution: {integrity: sha512-Q9eh+gUGILIHEaJf66aF6a414jQbDnn29zeu0eX3dHMuysnhTvsUvZTCAyZ6tJhUjnvzBKE4FtuaYxutxRZpOg==}
    cpu: [s390x]
    os: [linux]
    libc: [glibc]

  '@rollup/rollup-linux-x64-gnu@4.57.0':
    resolution: {integrity: sha512-OR5p5yG5OKSxHReWmwvM0P+VTPMwoBS45PXTMYaskKQqybkS3Kmugq1W+YbNWArF8/s7jQScgzXUhArzEQ7x0A==}
    cpu: [x64]
    os: [linux]
    libc: [glibc]

  '@rollup/rollup-linux-x64-musl@4.57.0':
    resolution: {integrity: sha512-XeatKzo4lHDsVEbm1XDHZlhYZZSQYym6dg2X/Ko0kSFgio+KXLsxwJQprnR48GvdIKDOpqWqssC3iBCjoMcMpw==}
    cpu: [x64]
    os: [linux]
    libc: [musl]

  '@rollup/rollup-openbsd-x64@4.57.0':
    resolution: {integrity: sha512-Lu71y78F5qOfYmubYLHPcJm74GZLU6UJ4THkf/a1K7Tz2ycwC2VUbsqbJAXaR6Bx70SRdlVrt2+n5l7F0agTUw==}
    cpu: [x64]
    os: [openbsd]

  '@rollup/rollup-openharmony-arm64@4.57.0':
    resolution: {integrity: sha512-v5xwKDWcu7qhAEcsUubiav7r+48Uk/ENWdr82MBZZRIm7zThSxCIVDfb3ZeRRq9yqk+oIzMdDo6fCcA5DHfMyA==}
    cpu: [arm64]
    os: [openharmony]

  '@rollup/rollup-win32-arm64-msvc@4.57.0':
    resolution: {integrity: sha512-XnaaaSMGSI6Wk8F4KK3QP7GfuuhjGchElsVerCplUuxRIzdvZ7hRBpLR0omCmw+kI2RFJB80nenhOoGXlJ5TfQ==}
    cpu: [arm64]
    os: [win32]

  '@rollup/rollup-win32-ia32-msvc@4.57.0':
    resolution: {integrity: sha512-3K1lP+3BXY4t4VihLw5MEg6IZD3ojSYzqzBG571W3kNQe4G4CcFpSUQVgurYgib5d+YaCjeFow8QivWp8vuSvA==}
    cpu: [ia32]
    os: [win32]

  '@rollup/rollup-win32-x64-gnu@4.57.0':
    resolution: {integrity: sha512-MDk610P/vJGc5L5ImE4k5s+GZT3en0KoK1MKPXCRgzmksAMk79j4h3k1IerxTNqwDLxsGxStEZVBqG0gIqZqoA==}
    cpu: [x64]
    os: [win32]

  '@rollup/rollup-win32-x64-msvc@4.57.0':
    resolution: {integrity: sha512-Zv7v6q6aV+VslnpwzqKAmrk5JdVkLUzok2208ZXGipjb+msxBr/fJPZyeEXiFgH7k62Ak0SLIfxQRZQvTuf7rQ==}
    cpu: [x64]
    os: [win32]

  '@standard-schema/spec@1.1.0':
    resolution: {integrity: sha512-l2aFy5jALhniG5HgqrD6jXLi/rUWrKvqN/qJx6yoJsgKhblVd+iqqU4RCXavm/jPityDo5TCvKMnpjKnOriy0w==}

  '@types/chai@5.2.3':
    resolution: {integrity: sha512-Mw558oeA9fFbv65/y4mHtXDs9bPnFMZAL/jxdPFUpOHHIXX91mcgEHbS5Lahr+pwZFR8A7GQleRWeI6cGFC2UA==}

  '@types/deep-eql@4.0.2':
    resolution: {integrity: sha512-c9h9dVVMigMPc4bwTvC5dxqtqJZwQPePsWjPlpSOnojbor6pGqdk541lfA7AqFQr5pB1BRdq0juY9db81BwyFw==}

  '@types/estree@1.0.8':
    resolution: {integrity: sha512-dWHzHa2WqEXI/O1E9OjrocMTKJl2mSrEolh1Iomrv6U+JuNwaHXsXx9bLu5gG7BUWFIN0skIQJQ/L1rIex4X6w==}

  '@types/inquirer@9.0.9':
    resolution: {integrity: sha512-/mWx5136gts2Z2e5izdoRCo46lPp5TMs9R15GTSsgg/XnZyxDWVqoVU3R9lWnccKpqwsJLvRoxbCjoJtZB7DSw==}

  '@types/keypress.js@2.1.3':
    resolution: {integrity: sha512-jv+1ObzMLgR6Jl5MB29mHn8HfY251/IEz3EFm6du4gSyIe6zSEHC5Tjay/UoGCYfvYmWDsDZtsItwiSdFnLzWQ==}

  '@types/node@24.12.0':
    resolution: {integrity: sha512-GYDxsZi3ChgmckRT9HPU0WEhKLP08ev/Yfcq2AstjrDASOYCSXeyjDsHg4v5t4jOj7cyDX3vmprafKlWIG9MXQ==}

  '@types/semver@7.7.1':
    resolution: {integrity: sha512-FmgJfu+MOcQ370SD0ev7EI8TlCAfKYU+B4m5T3yXc1CiRN94g/SZPtsCkk506aUDtlMnFZvasDwHHUcZUEaYuA==}

  '@types/through@0.0.33':
    resolution: {integrity: sha512-HsJ+z3QuETzP3cswwtzt2vEIiHBk/dCcHGhbmG5X3ecnwFD/lPrMpliGXxSCg03L9AhrdwA4Oz/qfspkDW+xGQ==}

  '@vitest/coverage-v8@4.1.0':
    resolution: {integrity: sha512-nDWulKeik2bL2Va/Wl4x7DLuTKAXa906iRFooIRPR+huHkcvp9QDkPQ2RJdmjOFrqOqvNfoSQLF68deE3xC3CQ==}
    peerDependencies:
      '@vitest/browser': 4.1.0
      vitest: 4.1.0
    peerDependenciesMeta:
      '@vitest/browser':
        optional: true

  '@vitest/expect@4.1.0':
    resolution: {integrity: sha512-EIxG7k4wlWweuCLG9Y5InKFwpMEOyrMb6ZJ1ihYu02LVj/bzUwn2VMU+13PinsjRW75XnITeFrQBMH5+dLvCDA==}

  '@vitest/mocker@4.1.0':
    resolution: {integrity: sha512-evxREh+Hork43+Y4IOhTo+h5lGmVRyjqI739Rz4RlUPqwrkFFDF6EMvOOYjTx4E8Tl6gyCLRL8Mu7Ry12a13Tw==}
    peerDependencies:
      msw: ^2.4.9
      vite: ^6.0.0 || ^7.0.0 || ^8.0.0-0
    peerDependenciesMeta:
      msw:
        optional: true
      vite:
        optional: true

  '@vitest/pretty-format@4.1.0':
    resolution: {integrity: sha512-3RZLZlh88Ib0J7NQTRATfc/3ZPOnSUn2uDBUoGNn5T36+bALixmzphN26OUD3LRXWkJu4H0s5vvUeqBiw+kS0A==}

  '@vitest/runner@4.1.0':
    resolution: {integrity: sha512-Duvx2OzQ7d6OjchL+trw+aSrb9idh7pnNfxrklo14p3zmNL4qPCDeIJAK+eBKYjkIwG96Bc6vYuxhqDXQOWpoQ==}

  '@vitest/snapshot@4.1.0':
    resolution: {integrity: sha512-0Vy9euT1kgsnj1CHttwi9i9o+4rRLEaPRSOJ5gyv579GJkNpgJK+B4HSv/rAWixx2wdAFci1X4CEPjiu2bXIMg==}

  '@vitest/spy@4.1.0':
    resolution: {integrity: sha512-pz77k+PgNpyMDv2FV6qmk5ZVau6c3R8HC8v342T2xlFxQKTrSeYw9waIJG8KgV9fFwAtTu4ceRzMivPTH6wSxw==}

  '@vitest/utils@4.1.0':
    resolution: {integrity: sha512-XfPXT6a8TZY3dcGY8EdwsBulFCIw+BeeX0RZn2x/BtiY/75YGh8FeWGG8QISN/WhaqSrE2OrlDgtF8q5uhOTmw==}

  assertion-error@2.0.1:
    resolution: {integrity: sha512-Izi8RQcffqCeNVgFigKli1ssklIbpHnCYc6AknXGYoB6grJqyeby7jv12JUQgmTAnIDnbck1uxksT4dzN3PWBA==}
    engines: {node: '>=12'}

  ast-v8-to-istanbul@1.0.0:
    resolution: {integrity: sha512-1fSfIwuDICFA4LKkCzRPO7F0hzFf0B7+Xqrl27ynQaa+Rh0e1Es0v6kWHPott3lU10AyAr7oKHa65OppjLn3Rg==}

  chai@6.2.2:
    resolution: {integrity: sha512-NUPRluOfOiTKBKvWPtSD4PhFvWCqOi0BGStNWs57X9js7XGTprSmFoz5F0tWhR4WPjNeR9jXqdC7/UpSJTnlRg==}
    engines: {node: '>=18'}

  chalk@5.6.2:
    resolution: {integrity: sha512-7NzBL0rN6fMUW+f7A6Io4h40qQlG+xGmtMxfbnH/K7TAtt8JQWVQK+6g0UXKMeVJoyV5EkkNsErQ8pVD3bLHbA==}
    engines: {node: ^12.17.0 || ^14.13 || >=16.0.0}

  chardet@2.1.1:
    resolution: {integrity: sha512-PsezH1rqdV9VvyNhxxOW32/d75r01NY7TQCmOqomRo15ZSOKbpTFVsfjghxo6JloQUCGnH4k1LGu0R4yCLlWQQ==}

  cli-width@4.1.0:
    resolution: {integrity: sha512-ouuZd4/dm2Sw5Gmqy6bGyNNNe1qt9RpmxveLSO7KcgsTnU7RXfsw+/bukWGo1abgBiMAic068rclZsO4IWmmxQ==}
    engines: {node: '>= 12'}

  commander@14.0.3:
    resolution: {integrity: sha512-H+y0Jo/T1RZ9qPP4Eh1pkcQcLRglraJaSLoyOtHxu6AapkjWVCy2Sit1QQ4x3Dng8qDlSsZEet7g5Pq06MvTgw==}
    engines: {node: '>=20'}

  convert-source-map@2.0.0:
    resolution: {integrity: sha512-Kvp459HrV2FEJ1CAsi1Ku+MY3kasH19TFykTz2xWmMeq6bk2NU3XXvfJ+Q61m0xktWwt+1HSYf3JZsTms3aRJg==}

  env-paths@4.0.0:
    resolution: {integrity: sha512-pxP8eL2SwwaTRi/KHYwLYXinDs7gL3jxFcBYmEdYfZmZXbaVDvdppd0XBU8qVz03rDfKZMXg1omHCbsJjZrMsw==}
    engines: {node: '>=20'}

  es-module-lexer@2.0.0:
    resolution: {integrity: sha512-5POEcUuZybH7IdmGsD8wlf0AI55wMecM9rVBTI/qEAy2c1kTOm3DjFYjrBdI2K3BaJjJYfYFeRtM0t9ssnRuxw==}

  esbuild@0.27.2:
    resolution: {integrity: sha512-HyNQImnsOC7X9PMNaCIeAm4ISCQXs5a5YasTXVliKv4uuBo1dKrG0A+uQS8M5eXjVMnLg3WgXaKvprHlFJQffw==}
    engines: {node: '>=18'}
    hasBin: true

  estree-walker@3.0.3:
    resolution: {integrity: sha512-7RUKfXgSMMkzt6ZuXmqapOurLGPPfgj6l9uRZ7lRGolvk0y2yocc35LdcxKC5PQZdn2DMqioAQ2NoWcrTKmm6g==}

  expect-type@1.3.0:
    resolution: {integrity: sha512-knvyeauYhqjOYvQ66MznSMs83wmHrCycNEN6Ao+2AeYEfxUIkuiVxdEa1qlGEPK+We3n0THiDciYSsCcgW/DoA==}
    engines: {node: '>=12.0.0'}

  fast-string-truncated-width@3.0.3:
    resolution: {integrity: sha512-0jjjIEL6+0jag3l2XWWizO64/aZVtpiGE3t0Zgqxv0DPuxiMjvB3M24fCyhZUO4KomJQPj3LTSUnDP3GpdwC0g==}

  fast-string-width@3.0.2:
    resolution: {integrity: sha512-gX8LrtNEI5hq8DVUfRQMbr5lpaS4nMIWV+7XEbXk2b8kiQIizgnlr12B4dA3ZEx3308ze0O4Q1R+cHts8kyUJg==}

  fast-wrap-ansi@0.2.0:
    resolution: {integrity: sha512-rLV8JHxTyhVmFYhBJuMujcrHqOT2cnO5Zxj37qROj23CP39GXubJRBUFF0z8KFK77Uc0SukZUf7JZhsVEQ6n8w==}

  fdir@6.5.0:
    resolution: {integrity: sha512-tIbYtZbucOs0BRGqPJkshJUYdL+SDH7dVM8gjy+ERp3WAUjLEFJE+02kanyHtwjWOnwrKYBiwAmM0p4kLJAnXg==}
    engines: {node: '>=12.0.0'}
    peerDependencies:
      picomatch: ^3 || ^4
    peerDependenciesMeta:
      picomatch:
        optional: true

  fsevents@2.3.3:
    resolution: {integrity: sha512-5xoDfX+fL7faATnagmWPpbFtwh/R77WmMMqqHGS65C3vvB0YHrgF+B1YmZ3441tMj5n63k0212XNoJwzlhffQw==}
    engines: {node: ^8.16.0 || ^10.6.0 || >=11.0.0}
    os: [darwin]

  has-flag@4.0.0:
    resolution: {integrity: sha512-EykJT/Q1KjTWctppgIAgfSO0tKVuZUjhgMr17kqTumMl6Afv3EISleU7qZUzoXDFTAHTDC4NOoG/ZxU3EvlMPQ==}
    engines: {node: '>=8'}

  html-escaper@2.0.2:
    resolution: {integrity: sha512-H2iMtd0I4Mt5eYiapRdIDjp+XzelXQ0tFE4JS7YFwFevXXMmOp9myNrUvCg0D6ws8iqkRPBfKHgbwig1SmlLfg==}

  iconv-lite@0.7.2:
    resolution: {integrity: sha512-im9DjEDQ55s9fL4EYzOAv0yMqmMBSZp6G0VvFyTMPKWxiSBHUj9NW/qqLmXUwXrrM7AvqSlTCfvqRb0cM8yYqw==}
    engines: {node: '>=0.10.0'}

  inquirer@13.3.2:
    resolution: {integrity: sha512-bh/OjBGxNR9qvfQj1n5bxtIF58mbOTp2InN5dKuwUK03dXcDGFsjlDinQRuXMZ4EGiJaFieUWHCAaxH2p7iUBw==}
    engines: {node: '>=23.5.0 || ^22.13.0 || ^21.7.0 || ^20.12.0'}
    peerDependencies:
      '@types/node': '>=18'
    peerDependenciesMeta:
      '@types/node':
        optional: true

  is-safe-filename@0.1.1:
    resolution: {integrity: sha512-4SrR7AdnY11LHfDKTZY1u6Ga3RuxZdl3YKWWShO5iyuG5h8QS4GD2tOb04peBJ5I7pXbR+CGBNEhTcwK+FzN3g==}
    engines: {node: '>=20'}

  istanbul-lib-coverage@3.2.2:
    resolution: {integrity: sha512-O8dpsF+r0WV/8MNRKfnmrtCWhuKjxrq2w+jpzBL5UZKTi2LeVWnWOmWRxFlesJONmc+wLAGvKQZEOanko0LFTg==}
    engines: {node: '>=8'}

  istanbul-lib-report@3.0.1:
    resolution: {integrity: sha512-GCfE1mtsHGOELCU8e/Z7YWzpmybrx/+dSTfLrvY8qRmaY6zXTKWn6WQIjaAFw069icm6GVMNkgu0NzI4iPZUNw==}
    engines: {node: '>=10'}

  istanbul-reports@3.2.0:
    resolution: {integrity: sha512-HGYWWS/ehqTV3xN10i23tkPkpH46MLCIMFNCaaKNavAXTF1RkqxawEPtnjnGZ6XKSInBKkiOA5BKS+aZiY3AvA==}
    engines: {node: '>=8'}

  js-tokens@10.0.0:
    resolution: {integrity: sha512-lM/UBzQmfJRo9ABXbPWemivdCW8V2G8FHaHdypQaIy523snUjog0W71ayWXTjiR+ixeMyVHN2XcpnTd/liPg/Q==}

  keypress@0.2.1:
    resolution: {integrity: sha512-HjorDJFNhnM4SicvaUXac0X77NiskggxJdesG72+O5zBKpSqKFCrqmndKVqpu3pFqkla0St6uGk8Ju0sCurrmg==}

  magic-string@0.30.21:
    resolution: {integrity: sha512-vd2F4YUyEXKGcLHoq+TEyCjxueSeHnFxyyjNp80yg0XV4vUhnDer/lvvlqM/arB5bXQN5K2/3oinyCRyx8T2CQ==}

  magicast@0.5.2:
    resolution: {integrity: sha512-E3ZJh4J3S9KfwdjZhe2afj6R9lGIN5Pher1pF39UGrXRqq/VDaGVIGN13BjHd2u8B61hArAGOnso7nBOouW3TQ==}

  make-dir@4.0.0:
    resolution: {integrity: sha512-hXdUTZYIVOt1Ex//jAQi+wTZZpUpwBj/0QsOzqegb3rGMMeJiSEu5xLHnYfBrRV4RH2+OCSOO95Is/7x1WJ4bw==}
    engines: {node: '>=10'}

  mute-stream@3.0.0:
    resolution: {integrity: sha512-dkEJPVvun4FryqBmZ5KhDo0K9iDXAwn08tMLDinNdRBNPcYEDiWYysLcc6k3mjTMlbP9KyylvRpd4wFtwrT9rw==}
    engines: {node: ^20.17.0 || >=22.9.0}

  nanoid@3.3.11:
    resolution: {integrity: sha512-N8SpfPUnUp1bK+PMYW8qSWdl9U+wwNWI4QKxOYDy9JAro3WMX7p2OeVRF9v+347pnakNevPmiHhNmZ2HbFA76w==}
    engines: {node: ^10 || ^12 || ^13.7 || ^14 || >=15.0.1}
    hasBin: true

  nanospinner@1.2.2:
    resolution: {integrity: sha512-Zt/AmG6qRU3e+WnzGGLuMCEAO/dAu45stNbHY223tUxldaDAeE+FxSPsd9Q+j+paejmm0ZbrNVs5Sraqy3dRxA==}

  obug@2.1.1:
    resolution: {integrity: sha512-uTqF9MuPraAQ+IsnPf366RG4cP9RtUi7MLO1N3KEc+wb0a6yKpeL0lmk2IB1jY5KHPAlTc6T/JRdC/YqxHNwkQ==}

  pathe@2.0.3:
    resolution: {integrity: sha512-WUjGcAqP1gQacoQe+OBJsFA7Ld4DyXuUIjZ5cc75cLHvJ7dtNsTugphxIADwspS+AraAUePCKrSVtPLFj/F88w==}

  picocolors@1.1.1:
    resolution: {integrity: sha512-xceH2snhtb5M9liqDsmEw56le376mTZkEX/jEb/RxNFyegNul7eNslCXP9FDj/Lcu0X8KEyMceP2ntpaHrDEVA==}

  picomatch@4.0.3:
    resolution: {integrity: sha512-5gTmgEY/sqK6gFXLIsQNH19lWb4ebPDLA4SdLP7dsWkIXHWlG66oPuVvXSGFPppYZz8ZDZq0dYYrbHfBCVUb1Q==}
    engines: {node: '>=12'}

  postcss@8.5.6:
    resolution: {integrity: sha512-3Ybi1tAuwAP9s0r1UQ2J4n5Y0G05bJkpUIO0/bI9MhwmD70S5aTWbXGBwxHrelT+XM1k6dM0pk+SwNkpTRN7Pg==}
    engines: {node: ^10 || ^12 || >=14}

  prettier@3.8.1:
    resolution: {integrity: sha512-UOnG6LftzbdaHZcKoPFtOcCKztrQ57WkHDeRD9t/PTQtmT0NHSeWWepj6pS0z/N7+08BHFDQVUrfmfMRcZwbMg==}
    engines: {node: '>=14'}
    hasBin: true

  rollup@4.57.0:
    resolution: {integrity: sha512-e5lPJi/aui4TO1LpAXIRLySmwXSE8k3b9zoGfd42p67wzxog4WHjiZF3M2uheQih4DGyc25QEV4yRBbpueNiUA==}
    engines: {node: '>=18.0.0', npm: '>=8.0.0'}
    hasBin: true

  run-async@4.0.6:
    resolution: {integrity: sha512-IoDlSLTs3Yq593mb3ZoKWKXMNu3UpObxhgA/Xuid5p4bbfi2jdY1Hj0m1K+0/tEuQTxIGMhQDqGjKb7RuxGpAQ==}
    engines: {node: '>=0.12.0'}

  rxjs@7.8.2:
    resolution: {integrity: sha512-dhKf903U/PQZY6boNNtAGdWbG85WAbjT/1xYoZIC7FAY0yWapOBQVsVrDl58W86//e1VpMNBtRV4MaXfdMySFA==}

  safer-buffer@2.1.2:
    resolution: {integrity: sha512-YZo3K82SD7Riyi0E1EQPojLz7kpepnSQI9IyPbHHg1XXXevb5dJI7tpyN2ADxGcQbHG7vcyRHk0cbwqcQriUtg==}

  semver@7.7.4:
    resolution: {integrity: sha512-vFKC2IEtQnVhpT78h1Yp8wzwrf8CM+MzKMHGJZfBtzhZNycRFnXsHk6E5TxIkkMsgNS7mdX3AGB7x2QM2di4lA==}
    engines: {node: '>=10'}
    hasBin: true

  siginfo@2.0.0:
    resolution: {integrity: sha512-ybx0WO1/8bSBLEWXZvEd7gMW3Sn3JFlW3TvX1nREbDLRNQNaeNN8WK0meBwPdAaOI7TtRRRJn/Es1zhrrCHu7g==}

  signal-exit@4.1.0:
    resolution: {integrity: sha512-bzyZ1e88w9O1iNJbKnOlvYTrWPDl46O1bG0D3XInv+9tkPrxrN8jUUTiFlDkkmKWgn1M6CfIA13SuGqOa9Korw==}
    engines: {node: '>=14'}

  source-map-js@1.2.1:
    resolution: {integrity: sha512-UXWMKhLOwVKb728IUtQPXxfYU+usdybtUrK/8uGE8CQMvrhOpwvzDBwj0QhSL7MQc7vIsISBG8VQ8+IDQxpfQA==}
    engines: {node: '>=0.10.0'}

  stackback@0.0.2:
    resolution: {integrity: sha512-1XMJE5fQo1jGH6Y/7ebnwPOBEkIEnT4QF32d5R1+VXdXveM0IBMJt8zfaxX1P3QhVwrYe+576+jkANtSS2mBbw==}

  std-env@4.0.0:
    resolution: {integrity: sha512-zUMPtQ/HBY3/50VbpkupYHbRroTRZJPRLvreamgErJVys0ceuzMkD44J/QjqhHjOzK42GQ3QZIeFG1OYfOtKqQ==}

  supports-color@7.2.0:
    resolution: {integrity: sha512-qpCAvRl9stuOHveKsn7HncJRvv501qIacKzQlO/+Lwxc9+0q2wLyv4Dfvt80/DPn2pqOBsJdDiogXGR9+OvwRw==}
    engines: {node: '>=8'}

  tinybench@2.9.0:
    resolution: {integrity: sha512-0+DUvqWMValLmha6lr4kD8iAMK1HzV0/aKnCtWb9v9641TnP/MFb7Pc2bxoxQjTXAErryXVgUOfv2YqNllqGeg==}

  tinyexec@1.0.4:
    resolution: {integrity: sha512-u9r3uZC0bdpGOXtlxUIdwf9pkmvhqJdrVCH9fapQtgy/OeTTMZ1nqH7agtvEfmGui6e1XxjcdrlxvxJvc3sMqw==}
    engines: {node: '>=18'}

  tinyglobby@0.2.15:
    resolution: {integrity: sha512-j2Zq4NyQYG5XMST4cbs02Ak8iJUdxRM0XI5QyxXuZOzKOINmWurp3smXu3y5wDcJrptwpSjgXHzIQxR0omXljQ==}
    engines: {node: '>=12.0.0'}

  tinyrainbow@3.1.0:
    resolution: {integrity: sha512-Bf+ILmBgretUrdJxzXM0SgXLZ3XfiaUuOj/IKQHuTXip+05Xn+uyEYdVg0kYDipTBcLrCVyUzAPz7QmArb0mmw==}
    engines: {node: '>=14.0.0'}

  tslib@2.8.1:
    resolution: {integrity: sha512-oJFu94HQb+KVduSUQL7wnpmqnfmLsOA/nAh6b6EH0wCEoK0/mPeXU6c3wKDV83MkOuHPRHtSXKKU99IBazS/2w==}

  typescript@5.9.3:
    resolution: {integrity: sha512-jl1vZzPDinLr9eUt3J/t7V6FgNEw9QjvBPdysz9KfQDD41fQrC2Y4vKQdiaUpFT4bXlb1RHhLpp8wtm6M5TgSw==}
    engines: {node: '>=14.17'}
    hasBin: true

  undici-types@7.16.0:
    resolution: {integrity: sha512-Zz+aZWSj8LE6zoxD+xrjh4VfkIG8Ya6LvYkZqtUQGJPZjYl53ypCaUwWqo7eI0x66KBGeRo+mlBEkMSeSZ38Nw==}

  undici@7.24.4:
    resolution: {integrity: sha512-BM/JzwwaRXxrLdElV2Uo6cTLEjhSb3WXboncJamZ15NgUURmvlXvxa6xkwIOILIjPNo9i8ku136ZvWV0Uly8+w==}
    engines: {node: '>=20.18.1'}

  vite@7.3.1:
    resolution: {integrity: sha512-w+N7Hifpc3gRjZ63vYBXA56dvvRlNWRczTdmCBBa+CotUzAPf5b7YMdMR/8CQoeYE5LX3W4wj6RYTgonm1b9DA==}
    engines: {node: ^20.19.0 || >=22.12.0}
    hasBin: true
    peerDependencies:
      '@types/node': ^20.19.0 || >=22.12.0
      jiti: '>=1.21.0'
      less: ^4.0.0
      lightningcss: ^1.21.0
      sass: ^1.70.0
      sass-embedded: ^1.70.0
      stylus: '>=0.54.8'
      sugarss: ^5.0.0
      terser: ^5.16.0
      tsx: ^4.8.1
      yaml: ^2.4.2
    peerDependenciesMeta:
      '@types/node':
        optional: true
      jiti:
        optional: true
      less:
        optional: true
      lightningcss:
        optional: true
      sass:
        optional: true
      sass-embedded:
        optional: true
      stylus:
        optional: true
      sugarss:
        optional: true
      terser:
        optional: true
      tsx:
        optional: true
      yaml:
        optional: true

  vitest@4.1.0:
    resolution: {integrity: sha512-YbDrMF9jM2Lqc++2530UourxZHmkKLxrs4+mYhEwqWS97WJ7wOYEkcr+QfRgJ3PW9wz3odRijLZjHEaRLTNbqw==}
    engines: {node: ^20.0.0 || ^22.0.0 || >=24.0.0}
    hasBin: true
    peerDependencies:
      '@edge-runtime/vm': '*'
      '@opentelemetry/api': ^1.9.0
      '@types/node': ^20.0.0 || ^22.0.0 || >=24.0.0
      '@vitest/browser-playwright': 4.1.0
      '@vitest/browser-preview': 4.1.0
      '@vitest/browser-webdriverio': 4.1.0
      '@vitest/ui': 4.1.0
      happy-dom: '*'
      jsdom: '*'
      vite: ^6.0.0 || ^7.0.0 || ^8.0.0-0
    peerDependenciesMeta:
      '@edge-runtime/vm':
        optional: true
      '@opentelemetry/api':
        optional: true
      '@types/node':
        optional: true
      '@vitest/browser-playwright':
        optional: true
      '@vitest/browser-preview':
        optional: true
      '@vitest/browser-webdriverio':
        optional: true
      '@vitest/ui':
        optional: true
      happy-dom:
        optional: true
      jsdom:
        optional: true

  why-is-node-running@2.3.0:
    resolution: {integrity: sha512-hUrmaWBdVDcxvYqnyh09zunKzROWjbZTiNy8dBEjkS7ehEDQibXJ7XvlmtbwuTclUiIyN+CyXQD4Vmko8fNm8w==}
    engines: {node: '>=8'}
    hasBin: true

snapshots:

  '@babel/helper-string-parser@7.27.1': {}

  '@babel/helper-validator-identifier@7.28.5': {}

  '@babel/parser@7.29.2':
    dependencies:
      '@babel/types': 7.29.0

  '@babel/types@7.29.0':
    dependencies:
      '@babel/helper-string-parser': 7.27.1
      '@babel/helper-validator-identifier': 7.28.5

  '@bcoe/v8-coverage@1.0.2': {}

  '@esbuild/aix-ppc64@0.27.2':
    optional: true

  '@esbuild/android-arm64@0.27.2':
    optional: true

  '@esbuild/android-arm@0.27.2':
    optional: true

  '@esbuild/android-x64@0.27.2':
    optional: true

  '@esbuild/darwin-arm64@0.27.2':
    optional: true

  '@esbuild/darwin-x64@0.27.2':
    optional: true

  '@esbuild/freebsd-arm64@0.27.2':
    optional: true

  '@esbuild/freebsd-x64@0.27.2':
    optional: true

  '@esbuild/linux-arm64@0.27.2':
    optional: true

  '@esbuild/linux-arm@0.27.2':
    optional: true

  '@esbuild/linux-ia32@0.27.2':
    optional: true

  '@esbuild/linux-loong64@0.27.2':
    optional: true

  '@esbuild/linux-mips64el@0.27.2':
    optional: true

  '@esbuild/linux-ppc64@0.27.2':
    optional: true

  '@esbuild/linux-riscv64@0.27.2':
    optional: true

  '@esbuild/linux-s390x@0.27.2':
    optional: true

  '@esbuild/linux-x64@0.27.2':
    optional: true

  '@esbuild/netbsd-arm64@0.27.2':
    optional: true

  '@esbuild/netbsd-x64@0.27.2':
    optional: true

  '@esbuild/openbsd-arm64@0.27.2':
    optional: true

  '@esbuild/openbsd-x64@0.27.2':
    optional: true

  '@esbuild/openharmony-arm64@0.27.2':
    optional: true

  '@esbuild/sunos-x64@0.27.2':
    optional: true

  '@esbuild/win32-arm64@0.27.2':
    optional: true

  '@esbuild/win32-ia32@0.27.2':
    optional: true

  '@esbuild/win32-x64@0.27.2':
    optional: true

  '@inquirer/ansi@2.0.4': {}

  '@inquirer/checkbox@5.1.2(@types/node@24.12.0)':
    dependencies:
      '@inquirer/ansi': 2.0.4
      '@inquirer/core': 11.1.7(@types/node@24.12.0)
      '@inquirer/figures': 2.0.4
      '@inquirer/type': 4.0.4(@types/node@24.12.0)
    optionalDependencies:
      '@types/node': 24.12.0

  '@inquirer/confirm@6.0.10(@types/node@24.12.0)':
    dependencies:
      '@inquirer/core': 11.1.7(@types/node@24.12.0)
      '@inquirer/type': 4.0.4(@types/node@24.12.0)
    optionalDependencies:
      '@types/node': 24.12.0

  '@inquirer/core@11.1.7(@types/node@24.12.0)':
    dependencies:
      '@inquirer/ansi': 2.0.4
      '@inquirer/figures': 2.0.4
      '@inquirer/type': 4.0.4(@types/node@24.12.0)
      cli-width: 4.1.0
      fast-wrap-ansi: 0.2.0
      mute-stream: 3.0.0
      signal-exit: 4.1.0
    optionalDependencies:
      '@types/node': 24.12.0

  '@inquirer/editor@5.0.10(@types/node@24.12.0)':
    dependencies:
      '@inquirer/core': 11.1.7(@types/node@24.12.0)
      '@inquirer/external-editor': 2.0.4(@types/node@24.12.0)
      '@inquirer/type': 4.0.4(@types/node@24.12.0)
    optionalDependencies:
      '@types/node': 24.12.0

  '@inquirer/expand@5.0.10(@types/node@24.12.0)':
    dependencies:
      '@inquirer/core': 11.1.7(@types/node@24.12.0)
      '@inquirer/type': 4.0.4(@types/node@24.12.0)
    optionalDependencies:
      '@types/node': 24.12.0

  '@inquirer/external-editor@2.0.4(@types/node@24.12.0)':
    dependencies:
      chardet: 2.1.1
      iconv-lite: 0.7.2
    optionalDependencies:
      '@types/node': 24.12.0

  '@inquirer/figures@2.0.4': {}

  '@inquirer/input@5.0.10(@types/node@24.12.0)':
    dependencies:
      '@inquirer/core': 11.1.7(@types/node@24.12.0)
      '@inquirer/type': 4.0.4(@types/node@24.12.0)
    optionalDependencies:
      '@types/node': 24.12.0

  '@inquirer/number@4.0.10(@types/node@24.12.0)':
    dependencies:
      '@inquirer/core': 11.1.7(@types/node@24.12.0)
      '@inquirer/type': 4.0.4(@types/node@24.12.0)
    optionalDependencies:
      '@types/node': 24.12.0

  '@inquirer/password@5.0.10(@types/node@24.12.0)':
    dependencies:
      '@inquirer/ansi': 2.0.4
      '@inquirer/core': 11.1.7(@types/node@24.12.0)
      '@inquirer/type': 4.0.4(@types/node@24.12.0)
    optionalDependencies:
      '@types/node': 24.12.0

  '@inquirer/prompts@8.3.2(@types/node@24.12.0)':
    dependencies:
      '@inquirer/checkbox': 5.1.2(@types/node@24.12.0)
      '@inquirer/confirm': 6.0.10(@types/node@24.12.0)
      '@inquirer/editor': 5.0.10(@types/node@24.12.0)
      '@inquirer/expand': 5.0.10(@types/node@24.12.0)
      '@inquirer/input': 5.0.10(@types/node@24.12.0)
      '@inquirer/number': 4.0.10(@types/node@24.12.0)
      '@inquirer/password': 5.0.10(@types/node@24.12.0)
      '@inquirer/rawlist': 5.2.6(@types/node@24.12.0)
      '@inquirer/search': 4.1.6(@types/node@24.12.0)
      '@inquirer/select': 5.1.2(@types/node@24.12.0)
    optionalDependencies:
      '@types/node': 24.12.0

  '@inquirer/rawlist@5.2.6(@types/node@24.12.0)':
    dependencies:
      '@inquirer/core': 11.1.7(@types/node@24.12.0)
      '@inquirer/type': 4.0.4(@types/node@24.12.0)
    optionalDependencies:
      '@types/node': 24.12.0

  '@inquirer/search@4.1.6(@types/node@24.12.0)':
    dependencies:
      '@inquirer/core': 11.1.7(@types/node@24.12.0)
      '@inquirer/figures': 2.0.4
      '@inquirer/type': 4.0.4(@types/node@24.12.0)
    optionalDependencies:
      '@types/node': 24.12.0

  '@inquirer/select@5.1.2(@types/node@24.12.0)':
    dependencies:
      '@inquirer/ansi': 2.0.4
      '@inquirer/core': 11.1.7(@types/node@24.12.0)
      '@inquirer/figures': 2.0.4
      '@inquirer/type': 4.0.4(@types/node@24.12.0)
    optionalDependencies:
      '@types/node': 24.12.0

  '@inquirer/type@4.0.4(@types/node@24.12.0)':
    optionalDependencies:
      '@types/node': 24.12.0

  '@jridgewell/resolve-uri@3.1.2': {}

  '@jridgewell/sourcemap-codec@1.5.5': {}

  '@jridgewell/trace-mapping@0.3.31':
    dependencies:
      '@jridgewell/resolve-uri': 3.1.2
      '@jridgewell/sourcemap-codec': 1.5.5

  '@rollup/rollup-android-arm-eabi@4.57.0':
    optional: true

  '@rollup/rollup-android-arm64@4.57.0':
    optional: true

  '@rollup/rollup-darwin-arm64@4.57.0':
    optional: true

  '@rollup/rollup-darwin-x64@4.57.0':
    optional: true

  '@rollup/rollup-freebsd-arm64@4.57.0':
    optional: true

  '@rollup/rollup-freebsd-x64@4.57.0':
    optional: true

  '@rollup/rollup-linux-arm-gnueabihf@4.57.0':
    optional: true

  '@rollup/rollup-linux-arm-musleabihf@4.57.0':
    optional: true

  '@rollup/rollup-linux-arm64-gnu@4.57.0':
    optional: true

  '@rollup/rollup-linux-arm64-musl@4.57.0':
    optional: true

  '@rollup/rollup-linux-loong64-gnu@4.57.0':
    optional: true

  '@rollup/rollup-linux-loong64-musl@4.57.0':
    optional: true

  '@rollup/rollup-linux-ppc64-gnu@4.57.0':
    optional: true

  '@rollup/rollup-linux-ppc64-musl@4.57.0':
    optional: true

  '@rollup/rollup-linux-riscv64-gnu@4.57.0':
    optional: true

  '@rollup/rollup-linux-riscv64-musl@4.57.0':
    optional: true

  '@rollup/rollup-linux-s390x-gnu@4.57.0':
    optional: true

  '@rollup/rollup-linux-x64-gnu@4.57.0':
    optional: true

  '@rollup/rollup-linux-x64-musl@4.57.0':
    optional: true

  '@rollup/rollup-openbsd-x64@4.57.0':
    optional: true

  '@rollup/rollup-openharmony-arm64@4.57.0':
    optional: true

  '@rollup/rollup-win32-arm64-msvc@4.57.0':
    optional: true

  '@rollup/rollup-win32-ia32-msvc@4.57.0':
    optional: true

  '@rollup/rollup-win32-x64-gnu@4.57.0':
    optional: true

  '@rollup/rollup-win32-x64-msvc@4.57.0':
    optional: true

  '@standard-schema/spec@1.1.0': {}

  '@types/chai@5.2.3':
    dependencies:
      '@types/deep-eql': 4.0.2
      assertion-error: 2.0.1

  '@types/deep-eql@4.0.2': {}

  '@types/estree@1.0.8': {}

  '@types/inquirer@9.0.9':
    dependencies:
      '@types/through': 0.0.33
      rxjs: 7.8.2

  '@types/keypress.js@2.1.3': {}

  '@types/node@24.12.0':
    dependencies:
      undici-types: 7.16.0

  '@types/semver@7.7.1': {}

  '@types/through@0.0.33':
    dependencies:
      '@types/node': 24.12.0

  '@vitest/coverage-v8@4.1.0(vitest@4.1.0(@types/node@24.12.0)(vite@7.3.1(@types/node@24.12.0)))':
    dependencies:
      '@bcoe/v8-coverage': 1.0.2
      '@vitest/utils': 4.1.0
      ast-v8-to-istanbul: 1.0.0
      istanbul-lib-coverage: 3.2.2
      istanbul-lib-report: 3.0.1
      istanbul-reports: 3.2.0
      magicast: 0.5.2
      obug: 2.1.1
      std-env: 4.0.0
      tinyrainbow: 3.1.0
      vitest: 4.1.0(@types/node@24.12.0)(vite@7.3.1(@types/node@24.12.0))

  '@vitest/expect@4.1.0':
    dependencies:
      '@standard-schema/spec': 1.1.0
      '@types/chai': 5.2.3
      '@vitest/spy': 4.1.0
      '@vitest/utils': 4.1.0
      chai: 6.2.2
      tinyrainbow: 3.1.0

  '@vitest/mocker@4.1.0(vite@7.3.1(@types/node@24.12.0))':
    dependencies:
      '@vitest/spy': 4.1.0
      estree-walker: 3.0.3
      magic-string: 0.30.21
    optionalDependencies:
      vite: 7.3.1(@types/node@24.12.0)

  '@vitest/pretty-format@4.1.0':
    dependencies:
      tinyrainbow: 3.1.0

  '@vitest/runner@4.1.0':
    dependencies:
      '@vitest/utils': 4.1.0
      pathe: 2.0.3

  '@vitest/snapshot@4.1.0':
    dependencies:
      '@vitest/pretty-format': 4.1.0
      '@vitest/utils': 4.1.0
      magic-string: 0.30.21
      pathe: 2.0.3

  '@vitest/spy@4.1.0': {}

  '@vitest/utils@4.1.0':
    dependencies:
      '@vitest/pretty-format': 4.1.0
      convert-source-map: 2.0.0
      tinyrainbow: 3.1.0

  assertion-error@2.0.1: {}

  ast-v8-to-istanbul@1.0.0:
    dependencies:
      '@jridgewell/trace-mapping': 0.3.31
      estree-walker: 3.0.3
      js-tokens: 10.0.0

  chai@6.2.2: {}

  chalk@5.6.2: {}

  chardet@2.1.1: {}

  cli-width@4.1.0: {}

  commander@14.0.3: {}

  convert-source-map@2.0.0: {}

  env-paths@4.0.0:
    dependencies:
      is-safe-filename: 0.1.1

  es-module-lexer@2.0.0: {}

  esbuild@0.27.2:
    optionalDependencies:
      '@esbuild/aix-ppc64': 0.27.2
      '@esbuild/android-arm': 0.27.2
      '@esbuild/android-arm64': 0.27.2
      '@esbuild/android-x64': 0.27.2
      '@esbuild/darwin-arm64': 0.27.2
      '@esbuild/darwin-x64': 0.27.2
      '@esbuild/freebsd-arm64': 0.27.2
      '@esbuild/freebsd-x64': 0.27.2
      '@esbuild/linux-arm': 0.27.2
      '@esbuild/linux-arm64': 0.27.2
      '@esbuild/linux-ia32': 0.27.2
      '@esbuild/linux-loong64': 0.27.2
      '@esbuild/linux-mips64el': 0.27.2
      '@esbuild/linux-ppc64': 0.27.2
      '@esbuild/linux-riscv64': 0.27.2
      '@esbuild/linux-s390x': 0.27.2
      '@esbuild/linux-x64': 0.27.2
      '@esbuild/netbsd-arm64': 0.27.2
      '@esbuild/netbsd-x64': 0.27.2
      '@esbuild/openbsd-arm64': 0.27.2
      '@esbuild/openbsd-x64': 0.27.2
      '@esbuild/openharmony-arm64': 0.27.2
      '@esbuild/sunos-x64': 0.27.2
      '@esbuild/win32-arm64': 0.27.2
      '@esbuild/win32-ia32': 0.27.2
      '@esbuild/win32-x64': 0.27.2

  estree-walker@3.0.3:
    dependencies:
      '@types/estree': 1.0.8

  expect-type@1.3.0: {}

  fast-string-truncated-width@3.0.3: {}

  fast-string-width@3.0.2:
    dependencies:
      fast-string-truncated-width: 3.0.3

  fast-wrap-ansi@0.2.0:
    dependencies:
      fast-string-width: 3.0.2

  fdir@6.5.0(picomatch@4.0.3):
    optionalDependencies:
      picomatch: 4.0.3

  fsevents@2.3.3:
    optional: true

  has-flag@4.0.0: {}

  html-escaper@2.0.2: {}

  iconv-lite@0.7.2:
    dependencies:
      safer-buffer: 2.1.2

  inquirer@13.3.2(@types/node@24.12.0):
    dependencies:
      '@inquirer/ansi': 2.0.4
      '@inquirer/core': 11.1.7(@types/node@24.12.0)
      '@inquirer/prompts': 8.3.2(@types/node@24.12.0)
      '@inquirer/type': 4.0.4(@types/node@24.12.0)
      mute-stream: 3.0.0
      run-async: 4.0.6
      rxjs: 7.8.2
    optionalDependencies:
      '@types/node': 24.12.0

  is-safe-filename@0.1.1: {}

  istanbul-lib-coverage@3.2.2: {}

  istanbul-lib-report@3.0.1:
    dependencies:
      istanbul-lib-coverage: 3.2.2
      make-dir: 4.0.0
      supports-color: 7.2.0

  istanbul-reports@3.2.0:
    dependencies:
      html-escaper: 2.0.2
      istanbul-lib-report: 3.0.1

  js-tokens@10.0.0: {}

  keypress@0.2.1: {}

  magic-string@0.30.21:
    dependencies:
      '@jridgewell/sourcemap-codec': 1.5.5

  magicast@0.5.2:
    dependencies:
      '@babel/parser': 7.29.2
      '@babel/types': 7.29.0
      source-map-js: 1.2.1

  make-dir@4.0.0:
    dependencies:
      semver: 7.7.4

  mute-stream@3.0.0: {}

  nanoid@3.3.11: {}

  nanospinner@1.2.2:
    dependencies:
      picocolors: 1.1.1

  obug@2.1.1: {}

  pathe@2.0.3: {}

  picocolors@1.1.1: {}

  picomatch@4.0.3: {}

  postcss@8.5.6:
    dependencies:
      nanoid: 3.3.11
      picocolors: 1.1.1
      source-map-js: 1.2.1

  prettier@3.8.1: {}

  rollup@4.57.0:
    dependencies:
      '@types/estree': 1.0.8
    optionalDependencies:
      '@rollup/rollup-android-arm-eabi': 4.57.0
      '@rollup/rollup-android-arm64': 4.57.0
      '@rollup/rollup-darwin-arm64': 4.57.0
      '@rollup/rollup-darwin-x64': 4.57.0
      '@rollup/rollup-freebsd-arm64': 4.57.0
      '@rollup/rollup-freebsd-x64': 4.57.0
      '@rollup/rollup-linux-arm-gnueabihf': 4.57.0
      '@rollup/rollup-linux-arm-musleabihf': 4.57.0
      '@rollup/rollup-linux-arm64-gnu': 4.57.0
      '@rollup/rollup-linux-arm64-musl': 4.57.0
      '@rollup/rollup-linux-loong64-gnu': 4.57.0
      '@rollup/rollup-linux-loong64-musl': 4.57.0
      '@rollup/rollup-linux-ppc64-gnu': 4.57.0
      '@rollup/rollup-linux-ppc64-musl': 4.57.0
      '@rollup/rollup-linux-riscv64-gnu': 4.57.0
      '@rollup/rollup-linux-riscv64-musl': 4.57.0
      '@rollup/rollup-linux-s390x-gnu': 4.57.0
      '@rollup/rollup-linux-x64-gnu': 4.57.0
      '@rollup/rollup-linux-x64-musl': 4.57.0
      '@rollup/rollup-openbsd-x64': 4.57.0
      '@rollup/rollup-openharmony-arm64': 4.57.0
      '@rollup/rollup-win32-arm64-msvc': 4.57.0
      '@rollup/rollup-win32-ia32-msvc': 4.57.0
      '@rollup/rollup-win32-x64-gnu': 4.57.0
      '@rollup/rollup-win32-x64-msvc': 4.57.0
      fsevents: 2.3.3

  run-async@4.0.6: {}

  rxjs@7.8.2:
    dependencies:
      tslib: 2.8.1

  safer-buffer@2.1.2: {}

  semver@7.7.4: {}

  siginfo@2.0.0: {}

  signal-exit@4.1.0: {}

  source-map-js@1.2.1: {}

  stackback@0.0.2: {}

  std-env@4.0.0: {}

  supports-color@7.2.0:
    dependencies:
      has-flag: 4.0.0

  tinybench@2.9.0: {}

  tinyexec@1.0.4: {}

  tinyglobby@0.2.15:
    dependencies:
      fdir: 6.5.0(picomatch@4.0.3)
      picomatch: 4.0.3

  tinyrainbow@3.1.0: {}

  tslib@2.8.1: {}

  typescript@5.9.3: {}

  undici-types@7.16.0: {}

  undici@7.24.4: {}

  vite@7.3.1(@types/node@24.12.0):
    dependencies:
      esbuild: 0.27.2
      fdir: 6.5.0(picomatch@4.0.3)
      picomatch: 4.0.3
      postcss: 8.5.6
      rollup: 4.57.0
      tinyglobby: 0.2.15
    optionalDependencies:
      '@types/node': 24.12.0
      fsevents: 2.3.3

  vitest@4.1.0(@types/node@24.12.0)(vite@7.3.1(@types/node@24.12.0)):
    dependencies:
      '@vitest/expect': 4.1.0
      '@vitest/mocker': 4.1.0(vite@7.3.1(@types/node@24.12.0))
      '@vitest/pretty-format': 4.1.0
      '@vitest/runner': 4.1.0
      '@vitest/snapshot': 4.1.0
      '@vitest/spy': 4.1.0
      '@vitest/utils': 4.1.0
      es-module-lexer: 2.0.0
      expect-type: 1.3.0
      magic-string: 0.30.21
      obug: 2.1.1
      pathe: 2.0.3
      picomatch: 4.0.3
      std-env: 4.0.0
      tinybench: 2.9.0
      tinyexec: 1.0.4
      tinyglobby: 0.2.15
      tinyrainbow: 3.1.0
      vite: 7.3.1(@types/node@24.12.0)
      why-is-node-running: 2.3.0
    optionalDependencies:
      '@types/node': 24.12.0
    transitivePeerDependencies:
      - msw

  why-is-node-running@2.3.0:
    dependencies:
      siginfo: 2.0.0
      stackback: 0.0.2
